{
    "requires": true,
    "lockfileVersion": 1,
    "dependencies": {
        "axios": {
            "version": "0.16.2",
            "resolved": "https://registry.npmjs.org/axios/-/axios-0.16.2.tgz",
            "integrity": "sha1-uk+S8XFn37q0CYN4VFS5rBScPG0=",
            "dev": true
        },
        "bootstrap-sass": {
            "version": "3.3.7",
            "resolved": "https://registry.npmjs.org/bootstrap-sass/-/bootstrap-sass-3.3.7.tgz",
            "integrity": "sha1-ZZbHq0D2Y3OTMjqwvIDQZPxjBJg=",
            "dev": true
        },
        "cross-env": {
            "version": "5.0.5",
            "resolved": "https://registry.npmjs.org/cross-env/-/cross-env-5.0.5.tgz",
            "integrity": "sha1-Q4PTZNlmCHPdGFs5ivO/717//vM=",
            "dev": true
        },
        "jquery": {
            "version": "3.2.1",
            "resolved": "https://registry.npmjs.org/jquery/-/jquery-3.2.1.tgz",
            "integrity": "sha1-XE2d5lKvbNCncBVKYxu6ErAVx4c=",
            "dev": true
        },
        "laravel-mix": {
            "version": "1.4.5",
            "resolved": "https://registry.npmjs.org/laravel-mix/-/laravel-mix-1.4.5.tgz",
            "integrity": "sha512-3R0yyaxjXtqMzjltnnyyzUaH7v3k3oVg7H0OrXHfd/H/QTsMYem1/YqubmvEgqM1ern7GQeiFZjSWrwwCOQ8MQ==",
            "dev": true
        },
        "lodash": {
            "version": "4.17.13",
            "resolved": "https://registry.npmjs.org/lodash/-/lodash-4.17.13.tgz",
            "integrity": "sha512-vm3/XWXfWtRua0FkUyEHBZy8kCPjErNBT9fJx8Zvs+U6zjqPbTUOpkaoum3O5uiA8sm+yNMHXfYkTUHFoMxFNA==",
            "dev": true
        },
        "vue": {
            "version": "2.4.4",
            "resolved": "https://registry.npmjs.org/vue/-/vue-2.4.4.tgz",
            "integrity": "sha512-PCiRmc8ZT1DD5+BN8QUAmnkBefcCLfZVSuhc1u7iu5JoPrSHyyk/+4nehm7k2xVMi8+RFLk5WIHAN14UKF0txw==",
            "dev": true
        }
    }
}
